
Microsoft Visual Studio Solution File, Format Version 12.00
# Visual Studio Version 16
VisualStudioVersion = 16.0.28922.388
MinimumVisualStudioVersion = 10.0.40219.1
Project("{9A19103F-16F7-4668-BE54-9A1E7A4F7556}") = "JWTNet.API", "JWTNet\JWTNet.API.csproj", "{F7D0ED74-2FDF-4DFA-8B68-8C02CADF447F}"
EndProject
Project("{9A19103F-16F7-4668-BE54-9A1E7A4F7556}") = "JWTNet.Models", "JWTNet.Model\JWTNet.Models.csproj", "{D4980B85-01BD-444D-8F4A-F0B94C6CB67E}"
EndProject
Project("{2150E333-8FDC-42A3-9474-1A3956D46DE8}") = "Mobile", "Mobile", "{67DD0B0B-7CF3-4DAD-926B-1F71477F1035}"
EndProject
Project("{FAE04EC0-301F-11D3-BF4B-00C04F79EFBC}") = "MyCV.Android", "MyCV\MyCV.Android\MyCV.Android.csproj", "{400AB52D-FA12-43B2-B6D2-3ABEE799A357}"
EndProject
Project("{FAE04EC0-301F-11D3-BF4B-00C04F79EFBC}") = "MyCV.iOS", "MyCV\MyCV.iOS\MyCV.iOS.csproj", "{08C56A34-6E1F-4853-A581-E692316D9A67}"
EndProject
Project("{9A19103F-16F7-4668-BE54-9A1E7A4F7556}") = "MyCV", "MyCV\MyCV\MyCV.csproj", "{F5044CFE-8C56-45CB-9F06-A840E8ABD1E8}"
EndProject
Project("{FAE04EC0-301F-11D3-BF4B-00C04F79EFBC}") = "JWTNet.Examples", "JWTNet.Examples\JWTNet.Examples.csproj", "{848614B0-5B7F-4A85-A03C-2257D72D7476}"
EndProject
Global
	GlobalSection(SolutionConfigurationPlatforms) = preSolution
		Debug|Any CPU = Debug|Any CPU
		Debug|iPhone = Debug|iPhone
		Debug|iPhoneSimulator = Debug|iPhoneSimulator
		Release|Any CPU = Release|Any CPU
		Release|iPhone = Release|iPhone
		Release|iPhoneSimulator = Release|iPhoneSimulator
	EndGlobalSection
	GlobalSection(ProjectConfigurationPlatforms) = postSolution
		{F7D0ED74-2FDF-4DFA-8B68-8C02CADF447F}.Debug|Any CPU.ActiveCfg = Debug|Any CPU
		{F7D0ED74-2FDF-4DFA-8B68-8C02CADF447F}.Debug|Any CPU.Build.0 = Debug|Any CPU
		{F7D0ED74-2FDF-4DFA-8B68-8C02CADF447F}.Debug|iPhone.ActiveCfg = Debug|Any CPU
		{F7D0ED74-2FDF-4DFA-8B68-8C02CADF447F}.Debug|iPhone.Build.0 = Debug|Any CPU
		{F7D0ED74-2FDF-4DFA-8B68-8C02CADF447F}.Debug|iPhoneSimulator.ActiveCfg = Debug|Any CPU
		{F7D0ED74-2FDF-4DFA-8B68-8C02CADF447F}.Debug|iPhoneSimulator.Build.0 = Debug|Any CPU
		{F7D0ED74-2FDF-4DFA-8B68-8C02CADF447F}.Release|Any CPU.ActiveCfg = Release|Any CPU
		{F7D0ED74-2FDF-4DFA-8B68-8C02CADF447F}.Release|Any CPU.Build.0 = Release|Any CPU
		{F7D0ED74-2FDF-4DFA-8B68-8C02CADF447F}.Release|iPhone.ActiveCfg = Release|Any CPU
		{F7D0ED74-2FDF-4DFA-8B68-8C02CADF447F}.Release|iPhone.Build.0 = Release|Any CPU
		{F7D0ED74-2FDF-4DFA-8B68-8C02CADF447F}.Release|iPhoneSimulator.ActiveCfg = Release|Any CPU
		{F7D0ED74-2FDF-4DFA-8B68-8C02CADF447F}.Release|iPhoneSimulator.Build.0 = Release|Any CPU
		{D4980B85-01BD-444D-8F4A-F0B94C6CB67E}.Debug|Any CPU.ActiveCfg = Debug|Any CPU
		{D4980B85-01BD-444D-8F4A-F0B94C6CB67E}.Debug|Any CPU.Build.0 = Debug|Any CPU
		{D4980B85-01BD-444D-8F4A-F0B94C6CB67E}.Debug|iPhone.ActiveCfg = Debug|Any CPU
		{D4980B85-01BD-444D-8F4A-F0B94C6CB67E}.Debug|iPhone.Build.0 = Debug|Any CPU
		{D4980B85-01BD-444D-8F4A-F0B94C6CB67E}.Debug|iPhoneSimulator.ActiveCfg = Debug|Any CPU
		{D4980B85-01BD-444D-8F4A-F0B94C6CB67E}.Debug|iPhoneSimulator.Build.0 = Debug|Any CPU
		{D4980B85-01BD-444D-8F4A-F0B94C6CB67E}.Release|Any CPU.ActiveCfg = Release|Any CPU
		{D4980B85-01BD-444D-8F4A-F0B94C6CB67E}.Release|Any CPU.Build.0 = Release|Any CPU
		{D4980B85-01BD-444D-8F4A-F0B94C6CB67E}.Release|iPhone.ActiveCfg = Release|Any CPU
		{D4980B85-01BD-444D-8F4A-F0B94C6CB67E}.Release|iPhone.Build.0 = Release|Any CPU
		{D4980B85-01BD-444D-8F4A-F0B94C6CB67E}.Release|iPhoneSimulator.ActiveCfg = Release|Any CPU
		{D4980B85-01BD-444D-8F4A-F0B94C6CB67E}.Release|iPhoneSimulator.Build.0 = Release|Any CPU
		{400AB52D-FA12-43B2-B6D2-3ABEE799A357}.Debug|Any CPU.ActiveCfg = Debug|Any CPU
		{400AB52D-FA12-43B2-B6D2-3ABEE799A357}.Debug|Any CPU.Build.0 = Debug|Any CPU
		{400AB52D-FA12-43B2-B6D2-3ABEE799A357}.Debug|Any CPU.Deploy.0 = Debug|Any CPU
		{400AB52D-FA12-43B2-B6D2-3ABEE799A357}.Debug|iPhone.ActiveCfg = Debug|Any CPU
		{400AB52D-FA12-43B2-B6D2-3ABEE799A357}.Debug|iPhone.Build.0 = Debug|Any CPU
		{400AB52D-FA12-43B2-B6D2-3ABEE799A357}.Debug|iPhone.Deploy.0 = Debug|Any CPU
		{400AB52D-FA12-43B2-B6D2-3ABEE799A357}.Debug|iPhoneSimulator.ActiveCfg = Debug|Any CPU
		{400AB52D-FA12-43B2-B6D2-3ABEE799A357}.Debug|iPhoneSimulator.Build.0 = Debug|Any CPU
		{400AB52D-FA12-43B2-B6D2-3ABEE799A357}.Debug|iPhoneSimulator.Deploy.0 = Debug|Any CPU
		{400AB52D-FA12-43B2-B6D2-3ABEE799A357}.Release|Any CPU.ActiveCfg = Release|Any CPU
		{400AB52D-FA12-43B2-B6D2-3ABEE799A357}.Release|Any CPU.Build.0 = Release|Any CPU
		{400AB52D-FA12-43B2-B6D2-3ABEE799A357}.Release|Any CPU.Deploy.0 = Release|Any CPU
		{400AB52D-FA12-43B2-B6D2-3ABEE799A357}.Release|iPhone.ActiveCfg = Release|Any CPU
		{400AB52D-FA12-43B2-B6D2-3ABEE799A357}.Release|iPhone.Build.0 = Release|Any CPU
		{400AB52D-FA12-43B2-B6D2-3ABEE799A357}.Release|iPhone.Deploy.0 = Release|Any CPU
		{400AB52D-FA12-43B2-B6D2-3ABEE799A357}.Release|iPhoneSimulator.ActiveCfg = Release|Any CPU
		{400AB52D-FA12-43B2-B6D2-3ABEE799A357}.Release|iPhoneSimulator.Build.0 = Release|Any CPU
		{400AB52D-FA12-43B2-B6D2-3ABEE799A357}.Release|iPhoneSimulator.Deploy.0 = Release|Any CPU
		{08C56A34-6E1F-4853-A581-E692316D9A67}.Debug|Any CPU.ActiveCfg = Debug|iPhone
		{08C56A34-6E1F-4853-A581-E692316D9A67}.Debug|iPhone.ActiveCfg = Debug|iPhone
		{08C56A34-6E1F-4853-A581-E692316D9A67}.Debug|iPhone.Build.0 = Debug|iPhone
		{08C56A34-6E1F-4853-A581-E692316D9A67}.Debug|iPhoneSimulator.ActiveCfg = Debug|iPhoneSimulator
		{08C56A34-6E1F-4853-A581-E692316D9A67}.Debug|iPhoneSimulator.Build.0 = Debug|iPhoneSimulator
		{08C56A34-6E1F-4853-A581-E692316D9A67}.Release|Any CPU.ActiveCfg = Release|iPhone
		{08C56A34-6E1F-4853-A581-E692316D9A67}.Release|iPhone.ActiveCfg = Release|iPhone
		{08C56A34-6E1F-4853-A581-E692316D9A67}.Release|iPhone.Build.0 = Release|iPhone
		{08C56A34-6E1F-4853-A581-E692316D9A67}.Release|iPhoneSimulator.ActiveCfg = Release|iPhoneSimulator
		{08C56A34-6E1F-4853-A581-E692316D9A67}.Release|iPhoneSimulator.Build.0 = Release|iPhoneSimulator
		{F5044CFE-8C56-45CB-9F06-A840E8ABD1E8}.Debug|Any CPU.ActiveCfg = Debug|Any CPU
		{F5044CFE-8C56-45CB-9F06-A840E8ABD1E8}.Debug|Any CPU.Build.0 = Debug|Any CPU
		{F5044CFE-8C56-45CB-9F06-A840E8ABD1E8}.Debug|iPhone.ActiveCfg = Debug|Any CPU
		{F5044CFE-8C56-45CB-9F06-A840E8ABD1E8}.Debug|iPhone.Build.0 = Debug|Any CPU
		{F5044CFE-8C56-45CB-9F06-A840E8ABD1E8}.Debug|iPhoneSimulator.ActiveCfg = Debug|Any CPU
		{F5044CFE-8C56-45CB-9F06-A840E8ABD1E8}.Debug|iPhoneSimulator.Build.0 = Debug|Any CPU
		{F5044CFE-8C56-45CB-9F06-A840E8ABD1E8}.Release|Any CPU.ActiveCfg = Release|Any CPU
		{F5044CFE-8C56-45CB-9F06-A840E8ABD1E8}.Release|Any CPU.Build.0 = Release|Any CPU
		{F5044CFE-8C56-45CB-9F06-A840E8ABD1E8}.Release|iPhone.ActiveCfg = Release|Any CPU
		{F5044CFE-8C56-45CB-9F06-A840E8ABD1E8}.Release|iPhone.Build.0 = Release|Any CPU
		{F5044CFE-8C56-45CB-9F06-A840E8ABD1E8}.Release|iPhoneSimulator.ActiveCfg = Release|Any CPU
		{F5044CFE-8C56-45CB-9F06-A840E8ABD1E8}.Release|iPhoneSimulator.Build.0 = Release|Any CPU
		{848614B0-5B7F-4A85-A03C-2257D72D7476}.Debug|Any CPU.ActiveCfg = Debug|Any CPU
		{848614B0-5B7F-4A85-A03C-2257D72D7476}.Debug|Any CPU.Build.0 = Debug|Any CPU
		{848614B0-5B7F-4A85-A03C-2257D72D7476}.Debug|iPhone.ActiveCfg = Debug|Any CPU
		{848614B0-5B7F-4A85-A03C-2257D72D7476}.Debug|iPhone.Build.0 = Debug|Any CPU
		{848614B0-5B7F-4A85-A03C-2257D72D7476}.Debug|iPhoneSimulator.ActiveCfg = Debug|Any CPU
		{848614B0-5B7F-4A85-A03C-2257D72D7476}.Debug|iPhoneSimulator.Build.0 = Debug|Any CPU
		{848614B0-5B7F-4A85-A03C-2257D72D7476}.Release|Any CPU.ActiveCfg = Release|Any CPU
		{848614B0-5B7F-4A85-A03C-2257D72D7476}.Release|Any CPU.Build.0 = Release|Any CPU
		{848614B0-5B7F-4A85-A03C-2257D72D7476}.Release|iPhone.ActiveCfg = Release|Any CPU
		{848614B0-5B7F-4A85-A03C-2257D72D7476}.Release|iPhone.Build.0 = Release|Any CPU
		{848614B0-5B7F-4A85-A03C-2257D72D7476}.Release|iPhoneSimulator.ActiveCfg = Release|Any CPU
		{848614B0-5B7F-4A85-A03C-2257D72D7476}.Release|iPhoneSimulator.Build.0 = Release|Any CPU
	EndGlobalSection
	GlobalSection(SolutionProperties) = preSolution
		HideSolutionNode = FALSE
	EndGlobalSection
	GlobalSection(NestedProjects) = preSolution
		{400AB52D-FA12-43B2-B6D2-3ABEE799A357} = {67DD0B0B-7CF3-4DAD-926B-1F71477F1035}
		{08C56A34-6E1F-4853-A581-E692316D9A67} = {67DD0B0B-7CF3-4DAD-926B-1F71477F1035}
		{F5044CFE-8C56-45CB-9F06-A840E8ABD1E8} = {67DD0B0B-7CF3-4DAD-926B-1F71477F1035}
	EndGlobalSection
	GlobalSection(ExtensibilityGlobals) = postSolution
		SolutionGuid = {264974A1-898B-46CF-9AAA-F94DB59CD3E6}
	EndGlobalSection
EndGlobal
